
Microsoft Visual Studio Solution File, Format Version 12.00
# Visual Studio Version 17
VisualStudioVersion = 17.0.32002.185
MinimumVisualStudioVersion = 10.0.40219.1
Project("{FAE04EC0-301F-11D3-BF4B-00C04F79EFBC}") = "VetoresParte2", "VetoresParte2.csproj", "{22D0763C-F3AE-4ADC-998C-85CC12D70188}"
EndProject
Global
	GlobalSection(SolutionConfigurationPlatforms) = preSolution
		Debug|Any CPU = Debug|Any CPU
		Release|Any CPU = Release|Any CPU
	EndGlobalSection
	GlobalSection(ProjectConfigurationPlatforms) = postSolution
		{22D0763C-F3AE-4ADC-998C-85CC12D70188}.Debug|Any CPU.ActiveCfg = Debug|Any CPU
		{22D0763C-F3AE-4ADC-998C-85CC12D70188}.Debug|Any CPU.Build.0 = Debug|Any CPU
		{22D0763C-F3AE-4ADC-998C-85CC12D70188}.Release|Any CPU.ActiveCfg = Release|Any CPU
		{22D0763C-F3AE-4ADC-998C-85CC12D70188}.Release|Any CPU.Build.0 = Release|Any CPU
	EndGlobalSection
	GlobalSection(SolutionProperties) = preSolution
		HideSolutionNode = FALSE
	EndGlobalSection
	GlobalSection(ExtensibilityGlobals) = postSolution
		SolutionGuid = {E9FA8749-F853-4ED9-81CD-33B009FEB799}
	EndGlobalSection
EndGlobal
